#MicroXplorer Configuration settings - do not modify
Mcu.Family=STM32L0
ProjectManager.MainLocation=Src
PH0-OSC_IN.Locked=true
RCC.USART1Freq_Value=8000000
PH0-OSC_IN.Signal=RCC_OSC_IN
ProjectManager.KeepUserCode=true
Mcu.UserName=STM32L073RZTx
Dma.ADC.0.Mode=DMA_CIRCULAR
Dma.LPUART1_RX.1.Direction=DMA_PERIPH_TO_MEMORY
Dma.LPUART1_RX.1.RequestParameters=Instance,Direction,PeriphInc,MemInc,PeriphDataAlignment,MemDataAlignment,Mode,Priority
RCC.PLLCLKFreq_Value=24000000
ProjectManager.functionlistsort=1-MX_GPIO_Init-GPIO-false-HAL-true,2-SystemClock_Config-RCC-false-HAL-false,3-MX_TIM6_Init-TIM6-false-HAL-true,4-MX_DMA_Init-DMA-false-HAL-true,5-MX_ADC_Init-ADC-false-HAL-true,6-MX_LPUART1_UART_Init-LPUART1-false-HAL-true
Dma.ADC.0.Priority=DMA_PRIORITY_LOW
RCC.RTCFreq_Value=37000
LPUART1.WordLength=UART_WORDLENGTH_8B
PB0.GPIO_Label=ESP_PWR
Dma.LPUART1_RX.1.Instance=DMA1_Channel6
RCC.USART2Freq_Value=8000000
NVIC.SVC_IRQn=true\:0\:0\:false\:false\:true\:false\:false
PC13.GPIO_Label=BTN1
PC1.Locked=true
RCC.48CLKFreq_Value=24000000
PinOutPanel.RotationAngle=0
RCC.SYSCLKSource=RCC_SYSCLKSOURCE_HSI
ProjectManager.StackSize=0x400
SH.GPXTI13.0=GPIO_EXTI13
RCC.I2C3Freq_Value=8000000
Mcu.IP4=RCC
RCC.FCLKCortexFreq_Value=8000000
ADC.DiscontinuousConvMode=DISABLE
Mcu.IP5=SYS
Mcu.IP2=LPUART1
Mcu.IP3=NVIC
Mcu.IP0=ADC
Mcu.IP1=DMA
Mcu.UserConstants=
SH.GPXTI13.ConfNb=1
Mcu.ThirdPartyNb=0
Dma.ADC.0.PeriphInc=DMA_PINC_DISABLE
ADC.Ratio=ADC_OVERSAMPLING_RATIO_256
RCC.HCLKFreq_Value=8000000
Dma.LPUART1_TX.2.Priority=DMA_PRIORITY_LOW
Mcu.IPNb=7
ProjectManager.PreviousToolchain=STM32CubeIDE
RCC.APB2TimFreq_Value=8000000
Mcu.Pin6=PA0
Mcu.Pin7=PA1
Mcu.Pin8=PA4
Mcu.Pin9=PB0
RCC.AHBFreq_Value=8000000
PH0-OSC_IN.Mode=HSE-External-Clock-Source
Mcu.Pin0=PC13
Mcu.Pin1=PC14-OSC32_IN
Dma.ADC.0.Direction=DMA_PERIPH_TO_MEMORY
Mcu.Pin2=PC15-OSC32_OUT
Mcu.Pin3=PH0-OSC_IN
Mcu.Pin4=PC0
ADC.SamplingTime=ADC_SAMPLETIME_160CYCLES_5
Mcu.Pin5=PC1
Dma.LPUART1_TX.2.PeriphDataAlignment=DMA_PDATAALIGN_BYTE
ProjectManager.ProjectBuild=false
RCC.HSE_VALUE=8000000
PA0.Locked=true
PA4.Locked=true
NVIC.SysTick_IRQn=true\:0\:0\:true\:false\:true\:true\:true
ProjectManager.FirmwarePackage=STM32Cube FW_L0 V1.11.2
MxDb.Version=DB.5.0.60
PB0.GPIOParameters=GPIO_Label
PA1.GPIOParameters=GPIO_Label
ProjectManager.BackupPrevious=false
PC14-OSC32_IN.Mode=LSE-External-Oscillator
Dma.LPUART1_RX.1.Mode=DMA_CIRCULAR
NVIC.RNG_LPUART1_IRQn=true\:0\:0\:false\:false\:true\:true\:true
PA14.Mode=Serial_Wire
File.Version=6
PA0.Mode=IN0
PC13.GPIO_PuPd=GPIO_NOPULL
NVIC.PendSV_IRQn=true\:0\:0\:false\:false\:true\:false\:false
TIM6.Period=999
ADC.RightBitShift=ADC_RIGHTBITSHIFT_8
Dma.RequestsNb=3
ProjectManager.HalAssertFull=false
PB0.Locked=true
ProjectManager.ProjectName=ESP_smart_home_sensor
PA0.Signal=ADC_IN0
Dma.ADC.0.MemInc=DMA_MINC_ENABLE
Mcu.Package=LQFP64
PA14.Locked=true
ProjectManager.ToolChainLocation=
Dma.ADC.0.Instance=DMA1_Channel1
RCC.LSI_VALUE=37000
VP_SYS_VS_Systick.Signal=SYS_VS_Systick
Dma.LPUART1_TX.2.RequestParameters=Instance,Direction,PeriphInc,MemInc,PeriphDataAlignment,MemDataAlignment,Mode,Priority
Dma.ADC.0.MemDataAlignment=DMA_MDATAALIGN_HALFWORD
Dma.LPUART1_TX.2.Instance=DMA1_Channel7
Dma.Request2=LPUART1_TX
Dma.Request1=LPUART1_RX
RCC.APB1TimFreq_Value=8000000
Dma.LPUART1_TX.2.Direction=DMA_MEMORY_TO_PERIPH
Dma.Request0=ADC
PA4.GPIO_Label=LD1
ADC.ExternalTrigConv=ADC_EXTERNALTRIGCONV_T6_TRGO
ProjectManager.CustomerFirmwarePackage=
PC14-OSC32_IN.Locked=true
Dma.LPUART1_RX.1.MemDataAlignment=DMA_MDATAALIGN_BYTE
RCC.HSI48_VALUE=48000000
RCC.LPTIMFreq_Value=8000000
RCC.TIMFreq_Value=8000000
RCC.MSI_VALUE=2097000
PC15-OSC32_OUT.Mode=LSE-External-Oscillator
ProjectManager.ProjectFileName=ESP_smart_home_sensor.ioc
Dma.LPUART1_RX.1.PeriphDataAlignment=DMA_PDATAALIGN_BYTE
Mcu.PinsNb=14
ProjectManager.NoMain=false
PC13.Locked=true
RCC.LPUARTFreq_Value=8000000
PC13.Signal=GPXTI13
TIM6.Prescaler=7999
VP_TIM6_VS_ClockSourceINT.Mode=Enable_Timer
ProjectManager.DefaultFWLocation=true
ADC.IPParameters=ExternalTrigConv,OversamplingMode,DiscontinuousConvMode,SamplingTime,DMAContinuousRequests,ClockPrescaler,RightBitShift,Ratio
ProjectManager.DeletePrevious=true
PC0.Signal=LPUART1_RX
PC14-OSC32_IN.Signal=RCC_OSC32_IN
RCC.TimerFreq_Value=8000000
boardIOC=true
ADC.ClockPrescaler=ADC_CLOCK_ASYNC_DIV64
LPUART1.IPParameters=BaudRate,WordLength
RCC.FamilyName=M
PC0.Mode=Asynchronous
Dma.ADC.0.PeriphDataAlignment=DMA_PDATAALIGN_HALFWORD
RCC.WatchDogFreq_Value=37000
VP_TIM6_VS_ClockSourceINT.Signal=TIM6_VS_ClockSourceINT
PA13.Signal=SYS_SWDIO
RCC.HSI16_VALUE=16000000
PC15-OSC32_OUT.Locked=true
TIM6.IPParameters=Prescaler,Period,TIM_MasterOutputTrigger
Dma.LPUART1_RX.1.PeriphInc=DMA_PINC_DISABLE
ProjectManager.TargetToolchain=STM32CubeIDE
ADC.OversamplingMode=ENABLE
PC15-OSC32_OUT.Signal=RCC_OSC32_OUT
PA1.Signal=GPIO_Output
ADC.DMAContinuousRequests=ENABLE
RCC.MCOPinFreq_Value=16000000
board=NUCLEO-L073RZ
RCC.VCOOutputFreq_Value=48000000
ProjectManager.LastFirmware=true
Dma.LPUART1_RX.1.MemInc=DMA_MINC_ENABLE
Dma.LPUART1_RX.1.Priority=DMA_PRIORITY_LOW
Dma.ADC.0.RequestParameters=Instance,Direction,PeriphInc,MemInc,PeriphDataAlignment,MemDataAlignment,Mode,Priority
RCC.APB2Freq_Value=8000000
MxCube.Version=5.6.0
NVIC.DMA1_Channel4_5_6_7_IRQn=true\:0\:0\:false\:false\:true\:false\:true
RCC.I2C1Freq_Value=8000000
PC13.GPIOParameters=GPIO_PuPd,GPIO_Label,GPIO_ModeDefaultEXTI
RCC.LCDFreq_Value=37000
PA1.GPIO_Label=LD2
VP_SYS_VS_Systick.Mode=SysTick
TIM6.TIM_MasterOutputTrigger=TIM_TRGO_UPDATE
NVIC.NonMaskableInt_IRQn=true\:0\:0\:false\:false\:true\:false\:false
RCC.AHBCLKDivider=RCC_SYSCLK_DIV2
PA4.GPIOParameters=GPIO_Label
PA13.Mode=Serial_Wire
ProjectManager.FreePins=false
RCC.IPParameters=48CLKFreq_Value,AHBCLKDivider,AHBFreq_Value,APB1Freq_Value,APB1TimFreq_Value,APB2Freq_Value,APB2TimFreq_Value,FCLKCortexFreq_Value,FamilyName,HCLKFreq_Value,HSE_VALUE,HSI16_VALUE,HSI48_VALUE,HSI_VALUE,I2C1Freq_Value,I2C3Freq_Value,LCDFreq_Value,LPTIMFreq_Value,LPUARTFreq_Value,LSI_VALUE,MCOPinFreq_Value,MSI_VALUE,PLLCLKFreq_Value,PWRFreq_Value,RTCFreq_Value,RTCHSEDivFreq_Value,SYSCLKFreq_VALUE,SYSCLKSource,TIMFreq_Value,TimerFreq_Value,USART1Freq_Value,USART2Freq_Value,VCOOutputFreq_Value,WatchDogFreq_Value
ProjectManager.AskForMigrate=true
Mcu.Name=STM32L073R(B-Z)Tx
LPUART1.BaudRate=115200
RCC.RTCHSEDivFreq_Value=4000000
ProjectManager.UnderRoot=true
Mcu.IP6=TIM6
ProjectManager.CoupleFile=true
PA4.Signal=GPIO_Output
RCC.SYSCLKFreq_VALUE=16000000
PA1.Locked=true
NVIC.ForceEnableDMAVector=true
KeepUserPlacement=true
PC13.GPIO_ModeDefaultEXTI=GPIO_MODE_IT_RISING
PA13.Locked=true
ProjectManager.CompilerOptimize=6
PA14.Signal=SYS_SWCLK
ProjectManager.HeapSize=0x200
NVIC.HardFault_IRQn=true\:0\:0\:false\:false\:true\:false\:false
Mcu.Pin13=VP_TIM6_VS_ClockSourceINT
ProjectManager.ComputerToolchain=false
RCC.HSI_VALUE=16000000
Mcu.Pin11=PA14
Dma.LPUART1_TX.2.MemDataAlignment=DMA_MDATAALIGN_BYTE
Mcu.Pin12=VP_SYS_VS_Systick
Mcu.Pin10=PA13
RCC.PWRFreq_Value=16000000
NVIC.DMA1_Channel1_IRQn=true\:0\:0\:false\:false\:true\:false\:true
RCC.APB1Freq_Value=8000000
Dma.LPUART1_TX.2.PeriphInc=DMA_PINC_DISABLE
PB0.Signal=GPIO_Output
Dma.LPUART1_TX.2.Mode=DMA_NORMAL
PC0.Locked=true
ProjectManager.DeviceId=STM32L073RZTx
PC1.Signal=LPUART1_TX
ProjectManager.LibraryCopy=1
PC1.Mode=Asynchronous
Dma.LPUART1_TX.2.MemInc=DMA_MINC_ENABLE
isbadioc=false
